<?xml version="1.0" encoding="utf-8"?>
<Project ToolsVersion="4.0" xmlns="http://schemas.microsoft.com/developer/msbuild/2003">
  <ItemGroup>
    <ClCompile Include="App.cpp" />
    <ClCompile Include="CommonApp.cpp" />
    <ClCompile Include="D3DHelpers.cpp" />
    <ClCompile Include="CommonMesh.cpp" />
    <ClCompile Include="CommonFont.cpp" />
  </ItemGroup>
  <ItemGroup>
    <ClInclude Include="App.h" />
    <ClInclude Include="CommonApp.h" />
    <ClInclude Include="D3DHelpers.h" />
    <ClInclude Include="CommonMesh.h" />
    <ClInclude Include="CommonFont.h" />
  </ItemGroup>
</Project>